
Microsoft Visual Studio Solution File, Format Version 12.00
# Visual Studio 15
VisualStudioVersion = 15.0.27703.2047
MinimumVisualStudioVersion = 10.0.40219.1
Project("{FAE04EC0-301F-11D3-BF4B-00C04F79EFBC}") = "WindowsFormsApp1", "WindowsFormsApp1\WindowsFormsApp1.csproj", "{2942A82E-D459-4392-B824-EBB13FF4CBBE}"
EndProject
Global
	GlobalSection(SolutionConfigurationPlatforms) = preSolution
		Debug|Any CPU = Debug|Any CPU
		Release|Any CPU = Release|Any CPU
	EndGlobalSection
	GlobalSection(ProjectConfigurationPlatforms) = postSolution
		{2942A82E-D459-4392-B824-EBB13FF4CBBE}.Debug|Any CPU.ActiveCfg = Debug|Any CPU
		{2942A82E-D459-4392-B824-EBB13FF4CBBE}.Debug|Any CPU.Build.0 = Debug|Any CPU
		{2942A82E-D459-4392-B824-EBB13FF4CBBE}.Release|Any CPU.ActiveCfg = Release|Any CPU
		{2942A82E-D459-4392-B824-EBB13FF4CBBE}.Release|Any CPU.Build.0 = Release|Any CPU
	EndGlobalSection
	GlobalSection(SolutionProperties) = preSolution
		HideSolutionNode = FALSE
	EndGlobalSection
	GlobalSection(ExtensibilityGlobals) = postSolution
		SolutionGuid = {C46E8AD8-E0E3-4538-B784-64B8F6652356}
	EndGlobalSection
EndGlobal
